
Microsoft Visual Studio Solution File, Format Version 12.00
# Visual Studio 15
VisualStudioVersion = 15.0.25807.0
MinimumVisualStudioVersion = 10.0.40219.1
Project("{2150E333-8FDC-42A3-9474-1A3956D46DE8}") = "Engine", "Engine", "{3F8BE091-A6AA-4D02-A646-DEF906A157C9}"
EndProject
Project("{2150E333-8FDC-42A3-9474-1A3956D46DE8}") = "Games", "Games", "{C486227F-6C9B-4035-B9CA-7A5285F45DDE}"
EndProject
Project("{8BC9CEB8-8B4A-11D0-8D11-00A0C91BC942}") = "UE4", "Intermediate\ProjectFiles\UE4.vcxproj", "{D7CD0D24-A7C3-4F5B-8038-ACF6D77E2460}"
EndProject
Project("{8BC9CEB8-8B4A-11D0-8D11-00A0C91BC942}") = "Fireball4_Zavadil", "Intermediate\ProjectFiles\Fireball4_Zavadil.vcxproj", "{7A58A68B-5162-4AA3-BD55-9CC6185D2379}"
EndProject
Global
	GlobalSection(SolutionConfigurationPlatforms) = preSolution
		DebugGame Editor|Android = DebugGame Editor|Android
		DebugGame Editor|HTML5 = DebugGame Editor|HTML5
		DebugGame Editor|Win32 = DebugGame Editor|Win32
		DebugGame Editor|Win64 = DebugGame Editor|Win64
		DebugGame|Android = DebugGame|Android
		DebugGame|HTML5 = DebugGame|HTML5
		DebugGame|Win32 = DebugGame|Win32
		DebugGame|Win64 = DebugGame|Win64
		Development Editor|Android = Development Editor|Android
		Development Editor|HTML5 = Development Editor|HTML5
		Development Editor|Win32 = Development Editor|Win32
		Development Editor|Win64 = Development Editor|Win64
		Development|Android = Development|Android
		Development|HTML5 = Development|HTML5
		Development|Win32 = Development|Win32
		Development|Win64 = Development|Win64
		Shipping|Android = Shipping|Android
		Shipping|HTML5 = Shipping|HTML5
		Shipping|Win32 = Shipping|Win32
		Shipping|Win64 = Shipping|Win64
	EndGlobalSection
	GlobalSection(ProjectConfigurationPlatforms) = postSolution
		{D7CD0D24-A7C3-4F5B-8038-ACF6D77E2460}.DebugGame Editor|Android.ActiveCfg = BuiltWithUnrealBuildTool|Win32
		{D7CD0D24-A7C3-4F5B-8038-ACF6D77E2460}.DebugGame Editor|Android.Build.0 = BuiltWithUnrealBuildTool|Win32
		{D7CD0D24-A7C3-4F5B-8038-ACF6D77E2460}.DebugGame Editor|HTML5.ActiveCfg = BuiltWithUnrealBuildTool|Win32
		{D7CD0D24-A7C3-4F5B-8038-ACF6D77E2460}.DebugGame Editor|HTML5.Build.0 = BuiltWithUnrealBuildTool|Win32
		{D7CD0D24-A7C3-4F5B-8038-ACF6D77E2460}.DebugGame Editor|Win32.ActiveCfg = BuiltWithUnrealBuildTool|Win32
		{D7CD0D24-A7C3-4F5B-8038-ACF6D77E2460}.DebugGame Editor|Win32.Build.0 = BuiltWithUnrealBuildTool|Win32
		{D7CD0D24-A7C3-4F5B-8038-ACF6D77E2460}.DebugGame Editor|Win64.ActiveCfg = BuiltWithUnrealBuildTool|Win32
		{D7CD0D24-A7C3-4F5B-8038-ACF6D77E2460}.DebugGame Editor|Win64.Build.0 = BuiltWithUnrealBuildTool|Win32
		{D7CD0D24-A7C3-4F5B-8038-ACF6D77E2460}.DebugGame|Android.ActiveCfg = BuiltWithUnrealBuildTool|Win32
		{D7CD0D24-A7C3-4F5B-8038-ACF6D77E2460}.DebugGame|Android.Build.0 = BuiltWithUnrealBuildTool|Win32
		{D7CD0D24-A7C3-4F5B-8038-ACF6D77E2460}.DebugGame|HTML5.ActiveCfg = BuiltWithUnrealBuildTool|Win32
		{D7CD0D24-A7C3-4F5B-8038-ACF6D77E2460}.DebugGame|HTML5.Build.0 = BuiltWithUnrealBuildTool|Win32
		{D7CD0D24-A7C3-4F5B-8038-ACF6D77E2460}.DebugGame|Win32.ActiveCfg = BuiltWithUnrealBuildTool|Win32
		{D7CD0D24-A7C3-4F5B-8038-ACF6D77E2460}.DebugGame|Win32.Build.0 = BuiltWithUnrealBuildTool|Win32
		{D7CD0D24-A7C3-4F5B-8038-ACF6D77E2460}.DebugGame|Win64.ActiveCfg = BuiltWithUnrealBuildTool|Win32
		{D7CD0D24-A7C3-4F5B-8038-ACF6D77E2460}.DebugGame|Win64.Build.0 = BuiltWithUnrealBuildTool|Win32
		{D7CD0D24-A7C3-4F5B-8038-ACF6D77E2460}.Development Editor|Android.ActiveCfg = BuiltWithUnrealBuildTool|Win32
		{D7CD0D24-A7C3-4F5B-8038-ACF6D77E2460}.Development Editor|Android.Build.0 = BuiltWithUnrealBuildTool|Win32
		{D7CD0D24-A7C3-4F5B-8038-ACF6D77E2460}.Development Editor|HTML5.ActiveCfg = BuiltWithUnrealBuildTool|Win32
		{D7CD0D24-A7C3-4F5B-8038-ACF6D77E2460}.Development Editor|HTML5.Build.0 = BuiltWithUnrealBuildTool|Win32
		{D7CD0D24-A7C3-4F5B-8038-ACF6D77E2460}.Development Editor|Win32.ActiveCfg = BuiltWithUnrealBuildTool|Win32
		{D7CD0D24-A7C3-4F5B-8038-ACF6D77E2460}.Development Editor|Win32.Build.0 = BuiltWithUnrealBuildTool|Win32
		{D7CD0D24-A7C3-4F5B-8038-ACF6D77E2460}.Development Editor|Win64.ActiveCfg = BuiltWithUnrealBuildTool|Win32
		{D7CD0D24-A7C3-4F5B-8038-ACF6D77E2460}.Development Editor|Win64.Build.0 = BuiltWithUnrealBuildTool|Win32
		{D7CD0D24-A7C3-4F5B-8038-ACF6D77E2460}.Development|Android.ActiveCfg = BuiltWithUnrealBuildTool|Win32
		{D7CD0D24-A7C3-4F5B-8038-ACF6D77E2460}.Development|Android.Build.0 = BuiltWithUnrealBuildTool|Win32
		{D7CD0D24-A7C3-4F5B-8038-ACF6D77E2460}.Development|HTML5.ActiveCfg = BuiltWithUnrealBuildTool|Win32
		{D7CD0D24-A7C3-4F5B-8038-ACF6D77E2460}.Development|HTML5.Build.0 = BuiltWithUnrealBuildTool|Win32
		{D7CD0D24-A7C3-4F5B-8038-ACF6D77E2460}.Development|Win32.ActiveCfg = BuiltWithUnrealBuildTool|Win32
		{D7CD0D24-A7C3-4F5B-8038-ACF6D77E2460}.Development|Win32.Build.0 = BuiltWithUnrealBuildTool|Win32
		{D7CD0D24-A7C3-4F5B-8038-ACF6D77E2460}.Development|Win64.ActiveCfg = BuiltWithUnrealBuildTool|Win32
		{D7CD0D24-A7C3-4F5B-8038-ACF6D77E2460}.Development|Win64.Build.0 = BuiltWithUnrealBuildTool|Win32
		{D7CD0D24-A7C3-4F5B-8038-ACF6D77E2460}.Shipping|Android.ActiveCfg = BuiltWithUnrealBuildTool|Win32
		{D7CD0D24-A7C3-4F5B-8038-ACF6D77E2460}.Shipping|Android.Build.0 = BuiltWithUnrealBuildTool|Win32
		{D7CD0D24-A7C3-4F5B-8038-ACF6D77E2460}.Shipping|HTML5.ActiveCfg = BuiltWithUnrealBuildTool|Win32
		{D7CD0D24-A7C3-4F5B-8038-ACF6D77E2460}.Shipping|HTML5.Build.0 = BuiltWithUnrealBuildTool|Win32
		{D7CD0D24-A7C3-4F5B-8038-ACF6D77E2460}.Shipping|Win32.ActiveCfg = BuiltWithUnrealBuildTool|Win32
		{D7CD0D24-A7C3-4F5B-8038-ACF6D77E2460}.Shipping|Win32.Build.0 = BuiltWithUnrealBuildTool|Win32
		{D7CD0D24-A7C3-4F5B-8038-ACF6D77E2460}.Shipping|Win64.ActiveCfg = BuiltWithUnrealBuildTool|Win32
		{D7CD0D24-A7C3-4F5B-8038-ACF6D77E2460}.Shipping|Win64.Build.0 = BuiltWithUnrealBuildTool|Win32
		{7A58A68B-5162-4AA3-BD55-9CC6185D2379}.DebugGame Editor|Android.ActiveCfg = Android_DebugGame_Editor|Win32
		{7A58A68B-5162-4AA3-BD55-9CC6185D2379}.DebugGame Editor|HTML5.ActiveCfg = HTML5_DebugGame_Editor|Win32
		{7A58A68B-5162-4AA3-BD55-9CC6185D2379}.DebugGame Editor|Win32.ActiveCfg = DebugGame_Editor|Win32
		{7A58A68B-5162-4AA3-BD55-9CC6185D2379}.DebugGame Editor|Win64.ActiveCfg = DebugGame_Editor|x64
		{7A58A68B-5162-4AA3-BD55-9CC6185D2379}.DebugGame Editor|Win64.Build.0 = DebugGame_Editor|x64
		{7A58A68B-5162-4AA3-BD55-9CC6185D2379}.DebugGame|Android.ActiveCfg = Android_DebugGame_Game|Win32
		{7A58A68B-5162-4AA3-BD55-9CC6185D2379}.DebugGame|Android.Build.0 = Android_DebugGame_Game|Win32
		{7A58A68B-5162-4AA3-BD55-9CC6185D2379}.DebugGame|HTML5.ActiveCfg = HTML5_DebugGame_Game|Win32
		{7A58A68B-5162-4AA3-BD55-9CC6185D2379}.DebugGame|HTML5.Build.0 = HTML5_DebugGame_Game|Win32
		{7A58A68B-5162-4AA3-BD55-9CC6185D2379}.DebugGame|Win32.ActiveCfg = DebugGame_Game|Win32
		{7A58A68B-5162-4AA3-BD55-9CC6185D2379}.DebugGame|Win32.Build.0 = DebugGame_Game|Win32
		{7A58A68B-5162-4AA3-BD55-9CC6185D2379}.DebugGame|Win64.ActiveCfg = DebugGame_Game|x64
		{7A58A68B-5162-4AA3-BD55-9CC6185D2379}.DebugGame|Win64.Build.0 = DebugGame_Game|x64
		{7A58A68B-5162-4AA3-BD55-9CC6185D2379}.Development Editor|Android.ActiveCfg = Android_Development_Editor|Win32
		{7A58A68B-5162-4AA3-BD55-9CC6185D2379}.Development Editor|HTML5.ActiveCfg = HTML5_Development_Editor|Win32
		{7A58A68B-5162-4AA3-BD55-9CC6185D2379}.Development Editor|Win32.ActiveCfg = Development_Editor|Win32
		{7A58A68B-5162-4AA3-BD55-9CC6185D2379}.Development Editor|Win64.ActiveCfg = Development_Editor|x64
		{7A58A68B-5162-4AA3-BD55-9CC6185D2379}.Development Editor|Win64.Build.0 = Development_Editor|x64
		{7A58A68B-5162-4AA3-BD55-9CC6185D2379}.Development|Android.ActiveCfg = Android_Development_Game|Win32
		{7A58A68B-5162-4AA3-BD55-9CC6185D2379}.Development|Android.Build.0 = Android_Development_Game|Win32
		{7A58A68B-5162-4AA3-BD55-9CC6185D2379}.Development|HTML5.ActiveCfg = HTML5_Development_Game|Win32
		{7A58A68B-5162-4AA3-BD55-9CC6185D2379}.Development|HTML5.Build.0 = HTML5_Development_Game|Win32
		{7A58A68B-5162-4AA3-BD55-9CC6185D2379}.Development|Win32.ActiveCfg = Development_Game|Win32
		{7A58A68B-5162-4AA3-BD55-9CC6185D2379}.Development|Win32.Build.0 = Development_Game|Win32
		{7A58A68B-5162-4AA3-BD55-9CC6185D2379}.Development|Win64.ActiveCfg = Development_Game|x64
		{7A58A68B-5162-4AA3-BD55-9CC6185D2379}.Development|Win64.Build.0 = Development_Game|x64
		{7A58A68B-5162-4AA3-BD55-9CC6185D2379}.Shipping|Android.ActiveCfg = Android_Shipping_Game|Win32
		{7A58A68B-5162-4AA3-BD55-9CC6185D2379}.Shipping|Android.Build.0 = Android_Shipping_Game|Win32
		{7A58A68B-5162-4AA3-BD55-9CC6185D2379}.Shipping|HTML5.ActiveCfg = HTML5_Shipping_Game|Win32
		{7A58A68B-5162-4AA3-BD55-9CC6185D2379}.Shipping|HTML5.Build.0 = HTML5_Shipping_Game|Win32
		{7A58A68B-5162-4AA3-BD55-9CC6185D2379}.Shipping|Win32.ActiveCfg = Shipping_Game|Win32
		{7A58A68B-5162-4AA3-BD55-9CC6185D2379}.Shipping|Win32.Build.0 = Shipping_Game|Win32
		{7A58A68B-5162-4AA3-BD55-9CC6185D2379}.Shipping|Win64.ActiveCfg = Shipping_Game|x64
		{7A58A68B-5162-4AA3-BD55-9CC6185D2379}.Shipping|Win64.Build.0 = Shipping_Game|x64
	EndGlobalSection
	GlobalSection(SolutionProperties) = preSolution
		HideSolutionNode = FALSE
	EndGlobalSection
	GlobalSection(NestedProjects) = preSolution
		{D7CD0D24-A7C3-4F5B-8038-ACF6D77E2460} = {3F8BE091-A6AA-4D02-A646-DEF906A157C9}
		{7A58A68B-5162-4AA3-BD55-9CC6185D2379} = {C486227F-6C9B-4035-B9CA-7A5285F45DDE}
	EndGlobalSection
	GlobalSection(ExtensibilityGlobals) = postSolution
		SolutionGuid = {DEC8AFA9-2315-4F45-B4B5-5B395DB7EF7D}
	EndGlobalSection
EndGlobal
